
Microsoft Visual Studio Solution File, Format Version 12.00
# Visual Studio Version 17
VisualStudioVersion = 17.2.32519.379
MinimumVisualStudioVersion = 10.0.40219.1
Project("{FAE04EC0-301F-11D3-BF4B-00C04F79EFBC}") = "MagonoteToolkitForEmbedded", "MagonoteToolkitForEmbedded.csproj", "{B0934181-CE14-40C4-AAC7-A0C114AB6E97}"
EndProject
Global
	GlobalSection(SolutionConfigurationPlatforms) = preSolution
		Debug|Any CPU = Debug|Any CPU
		Release|Any CPU = Release|Any CPU
	EndGlobalSection
	GlobalSection(ProjectConfigurationPlatforms) = postSolution
		{B0934181-CE14-40C4-AAC7-A0C114AB6E97}.Debug|Any CPU.ActiveCfg = Debug|Any CPU
		{B0934181-CE14-40C4-AAC7-A0C114AB6E97}.Debug|Any CPU.Build.0 = Debug|Any CPU
		{B0934181-CE14-40C4-AAC7-A0C114AB6E97}.Release|Any CPU.ActiveCfg = Release|Any CPU
		{B0934181-CE14-40C4-AAC7-A0C114AB6E97}.Release|Any CPU.Build.0 = Release|Any CPU
	EndGlobalSection
	GlobalSection(SolutionProperties) = preSolution
		HideSolutionNode = FALSE
	EndGlobalSection
	GlobalSection(ExtensibilityGlobals) = postSolution
		SolutionGuid = {BE5074ED-DF79-4A33-9023-EB70DDFDCB50}
	EndGlobalSection
EndGlobal
